
Microsoft Visual Studio Solution File, Format Version 12.00
# Visual Studio Version 16
VisualStudioVersion = 16.0.29613.14
MinimumVisualStudioVersion = 10.0.40219.1
Project("{FAE04EC0-301F-11D3-BF4B-00C04F79EFBC}") = "Ops", "Ops\Ops.csproj", "{9BF0D567-3D09-4D21-B9D8-A35613E0A127}"
EndProject
Project("{FAE04EC0-301F-11D3-BF4B-00C04F79EFBC}") = "StatOperations", "StatOperations\StatOperations.csproj", "{32C264AF-7314-480E-8E95-0C8DAE8B440C}"
EndProject
Project("{FAE04EC0-301F-11D3-BF4B-00C04F79EFBC}") = "StatOperationsTests", "StatOperationsTests\StatOperationsTests.csproj", "{B549F45C-CBA7-4BCF-A21A-26288254BC38}"
EndProject
Project("{FAE04EC0-301F-11D3-BF4B-00C04F79EFBC}") = "Helpers", "Helpers\Helpers.csproj", "{EC092ACB-A86A-4C73-90D2-0A56E27C868B}"
EndProject
Project("{FAE04EC0-301F-11D3-BF4B-00C04F79EFBC}") = "StatisticsCalculator", "StatisticsCalculator\StatisticsCalculator.csproj", "{ED3C0198-CC64-417D-BE33-386F4E637E3E}"
EndProject
Global
	GlobalSection(SolutionConfigurationPlatforms) = preSolution
		Debug|Any CPU = Debug|Any CPU
		Release|Any CPU = Release|Any CPU
	EndGlobalSection
	GlobalSection(ProjectConfigurationPlatforms) = postSolution
		{9BF0D567-3D09-4D21-B9D8-A35613E0A127}.Debug|Any CPU.ActiveCfg = Debug|Any CPU
		{9BF0D567-3D09-4D21-B9D8-A35613E0A127}.Debug|Any CPU.Build.0 = Debug|Any CPU
		{9BF0D567-3D09-4D21-B9D8-A35613E0A127}.Release|Any CPU.ActiveCfg = Release|Any CPU
		{9BF0D567-3D09-4D21-B9D8-A35613E0A127}.Release|Any CPU.Build.0 = Release|Any CPU
		{32C264AF-7314-480E-8E95-0C8DAE8B440C}.Debug|Any CPU.ActiveCfg = Debug|Any CPU
		{32C264AF-7314-480E-8E95-0C8DAE8B440C}.Debug|Any CPU.Build.0 = Debug|Any CPU
		{32C264AF-7314-480E-8E95-0C8DAE8B440C}.Release|Any CPU.ActiveCfg = Release|Any CPU
		{32C264AF-7314-480E-8E95-0C8DAE8B440C}.Release|Any CPU.Build.0 = Release|Any CPU
		{B549F45C-CBA7-4BCF-A21A-26288254BC38}.Debug|Any CPU.ActiveCfg = Debug|Any CPU
		{B549F45C-CBA7-4BCF-A21A-26288254BC38}.Debug|Any CPU.Build.0 = Debug|Any CPU
		{B549F45C-CBA7-4BCF-A21A-26288254BC38}.Release|Any CPU.ActiveCfg = Release|Any CPU
		{B549F45C-CBA7-4BCF-A21A-26288254BC38}.Release|Any CPU.Build.0 = Release|Any CPU
		{EC092ACB-A86A-4C73-90D2-0A56E27C868B}.Debug|Any CPU.ActiveCfg = Debug|Any CPU
		{EC092ACB-A86A-4C73-90D2-0A56E27C868B}.Debug|Any CPU.Build.0 = Debug|Any CPU
		{EC092ACB-A86A-4C73-90D2-0A56E27C868B}.Release|Any CPU.ActiveCfg = Release|Any CPU
		{EC092ACB-A86A-4C73-90D2-0A56E27C868B}.Release|Any CPU.Build.0 = Release|Any CPU
		{ED3C0198-CC64-417D-BE33-386F4E637E3E}.Debug|Any CPU.ActiveCfg = Debug|Any CPU
		{ED3C0198-CC64-417D-BE33-386F4E637E3E}.Debug|Any CPU.Build.0 = Debug|Any CPU
		{ED3C0198-CC64-417D-BE33-386F4E637E3E}.Release|Any CPU.ActiveCfg = Release|Any CPU
		{ED3C0198-CC64-417D-BE33-386F4E637E3E}.Release|Any CPU.Build.0 = Release|Any CPU
	EndGlobalSection
	GlobalSection(SolutionProperties) = preSolution
		HideSolutionNode = FALSE
	EndGlobalSection
	GlobalSection(ExtensibilityGlobals) = postSolution
		SolutionGuid = {07CB8C3D-7AB4-4ECF-9FFB-A7EA53F906F0}
	EndGlobalSection
EndGlobal
